{
  "name": "chalk",
  "requires": true,
  "lockfileVersion": 1,
  "dependencies": {
    "jquery": {
      "version": "3.3.1",
      "resolved": "https://registry.npmjs.org/jquery/-/jquery-3.3.1.tgz",
      "integrity": "sha512-Ubldcmxp5np52/ENotGxlLe6aGMvmF4R8S6tZjsP6Knsaxd/xp3Zrh50cG93lR6nPXyUFwzN3ZSOQI0wRJNdGg=="
    },
    "retinajs": {
      "version": "2.1.3",
      "resolved": "https://registry.npmjs.org/retinajs/-/retinajs-2.1.3.tgz",
      "integrity": "sha512-ypjZKVntFXRwTVQaR1yyNiO0UsMOfHlAklQNlgnMJqTFuj+S/w3iYHOcFJRX39OYcB6LcYjN9zDBnwuOdxvwyA=="
    },
    "svgxuse": {
      "version": "1.2.6",
      "resolved": "https://registry.npmjs.org/svgxuse/-/svgxuse-1.2.6.tgz",
      "integrity": "sha512-0KC0I24LDskC2vaVjUQfFmdtKJk8wFwMYOjCci0HlhBRSc0F86dZRqNBHf6BoS5bibQ7chgnBQWyJCTYkzVuSA=="
    },
    "webfontloader": {
      "version": "1.6.28",
      "resolved": "https://registry.npmjs.org/webfontloader/-/webfontloader-1.6.28.tgz",
      "integrity": "sha1-23hhKSU8tujq5UwvsF+HCvZnW64="
    },
    "zooming": {
      "version": "2.0.0",
      "resolved": "https://registry.npmjs.org/zooming/-/zooming-2.0.0.tgz",
      "integrity": "sha512-eazpvmqTeo0/IuHGpAFkEIbSEeEStdzF/xa+KQnDI1Mt15/WUL1uYZQCefBWT6at2Ub7+pyosrKG7rN65QHl8Q=="
    }
  }
}
